github.com/viveksahu26/testing_in_go/practice/rff v0.0.0-20221102041948-a48eb4ad7931 h1:C4tBVY94ASHz7J9fsmJFJh51nNB+QcL/cvZ8r7N6uRI=
github.com/viveksahu26/testing_in_go/practice/rff v0.0.0-20221102041948-a48eb4ad7931/go.mod h1:B5TfcPpxamVEx2Y/UJVX7BTCD7PJSdhDFGjT0dd3Muc=
github.com/viveksahu26/testing_in_go/practice/tifu v0.0.0-20221102041948-a48eb4ad7931 h1:+kjpIYTxzDm59hGq8wmS1dd2g1Te678WqIhY8LyvKbU=
github.com/viveksahu26/testing_in_go/practice/tifu v0.0.0-20221102041948-a48eb4ad7931/go.mod h1:VbGSRLSKlykrxcT4Ks5tZetpWXaYbYugNRT6ElUeLdo=
